
Microsoft Visual Studio Solution File, Format Version 12.00
# Visual Studio Version 16
VisualStudioVersion = 16.0.30011.22
MinimumVisualStudioVersion = 10.0.40219.1
Project("{FAE04EC0-301F-11D3-BF4B-00C04F79EFBC}") = "ApiPratica", "ApiPratica\ApiPratica.csproj", "{A36E91A2-CE28-414D-81F2-9BD3BAE50EF5}"
EndProject
Global
	GlobalSection(SolutionConfigurationPlatforms) = preSolution
		Debug|Any CPU = Debug|Any CPU
		Release|Any CPU = Release|Any CPU
	EndGlobalSection
	GlobalSection(ProjectConfigurationPlatforms) = postSolution
		{A36E91A2-CE28-414D-81F2-9BD3BAE50EF5}.Debug|Any CPU.ActiveCfg = Debug|Any CPU
		{A36E91A2-CE28-414D-81F2-9BD3BAE50EF5}.Debug|Any CPU.Build.0 = Debug|Any CPU
		{A36E91A2-CE28-414D-81F2-9BD3BAE50EF5}.Release|Any CPU.ActiveCfg = Release|Any CPU
		{A36E91A2-CE28-414D-81F2-9BD3BAE50EF5}.Release|Any CPU.Build.0 = Release|Any CPU
	EndGlobalSection
	GlobalSection(SolutionProperties) = preSolution
		HideSolutionNode = FALSE
	EndGlobalSection
	GlobalSection(ExtensibilityGlobals) = postSolution
		SolutionGuid = {188E9118-F50E-42C6-9460-AD95753C99BC}
	EndGlobalSection
EndGlobal
